
Microsoft Visual Studio Solution File, Format Version 12.00
# Visual Studio Version 17
VisualStudioVersion = 17.8.34322.80
MinimumVisualStudioVersion = 10.0.40219.1
Project("{FAE04EC0-301F-11D3-BF4B-00C04F79EFBC}") = "BlazorRealTime", "BlazorRealTime\BlazorRealTime.csproj", "{4D62522B-8E7F-45DF-919B-9CBE154785CA}"
EndProject
Global
	GlobalSection(SolutionConfigurationPlatforms) = preSolution
		Debug|Any CPU = Debug|Any CPU
		Release|Any CPU = Release|Any CPU
	EndGlobalSection
	GlobalSection(ProjectConfigurationPlatforms) = postSolution
		{4D62522B-8E7F-45DF-919B-9CBE154785CA}.Debug|Any CPU.ActiveCfg = Debug|Any CPU
		{4D62522B-8E7F-45DF-919B-9CBE154785CA}.Debug|Any CPU.Build.0 = Debug|Any CPU
		{4D62522B-8E7F-45DF-919B-9CBE154785CA}.Release|Any CPU.ActiveCfg = Release|Any CPU
		{4D62522B-8E7F-45DF-919B-9CBE154785CA}.Release|Any CPU.Build.0 = Release|Any CPU
	EndGlobalSection
	GlobalSection(SolutionProperties) = preSolution
		HideSolutionNode = FALSE
	EndGlobalSection
	GlobalSection(ExtensibilityGlobals) = postSolution
		SolutionGuid = {F5A35019-9FB0-4345-B181-9C2E7CFB06A0}
	EndGlobalSection
EndGlobal
